<?xml version="1.0" encoding="utf-8"?>
<Project ToolsVersion="4.0" xmlns="http://schemas.microsoft.com/developer/msbuild/2003">
  <ItemGroup>
    <Filter Include="Math">
      <UniqueIdentifier>{038ab563-54a3-41ea-ad4d-3cf79b73ff84}</UniqueIdentifier>
    </Filter>
    <Filter Include="VS">
      <UniqueIdentifier>{835b68d3-f290-4fb6-84bf-64dc74a0ccce}</UniqueIdentifier>
    </Filter>
  </ItemGroup>
  <ItemGroup>
    <None Include="packages.config">
      <Filter>VS</Filter>
    </None>
  </ItemGroup>
  <ItemGroup>
    <ClCompile Include="..\pubc\Tuple.cpp">
      <Filter>Math</Filter>
    </ClCompile>
    <ClCompile Include="..\Pubc\Vector.cpp">
      <Filter>Math</Filter>
    </ClCompile>
    <ClCompile Include="..\Pubc\Orthovector.cpp">
      <Filter>Math</Filter>
    </ClCompile>
    <ClCompile Include="..\Pubc\Quaternion.cpp">
      <Filter>Math</Filter>
    </ClCompile>
    <ClCompile Include="..\Pubc\Matrix.cpp">
      <Filter>Math</Filter>
    </ClCompile>
  </ItemGroup>
</Project>